
Microsoft Visual Studio Solution File, Format Version 12.00
# Visual Studio Version 16
VisualStudioVersion = 16.0.31220.234
MinimumVisualStudioVersion = 10.0.40219.1
Project("{9A19103F-16F7-4668-BE54-9A1E7A4F7556}") = "MauiApp2", "MauiApp2\MauiApp2\MauiApp2.csproj", "{80EE4E22-920F-42A3-8E1A-3F3067E50999}"
EndProject
Project("{9A19103F-16F7-4668-BE54-9A1E7A4F7556}") = "MauiApp2.WinUI3", "MauiApp2\MauiApp2.WinUI3\MauiApp2.WinUI3.csproj", "{904FD2BC-B3B5-40AB-91EB-AD3E8ED45609}"
EndProject
Project("{C7167F0D-BC9F-4E6E-AFE1-012C56B48DB5}") = "MauiApp2.WinUI3 (Package)", "MauiApp2\MauiApp2.WinUI3 (Package)\MauiApp2.WinUI3 (Package).wapproj", "{9B2249E8-DCC3-4291-9624-BF9C76EC3A65}"
EndProject
Global
	GlobalSection(SolutionConfigurationPlatforms) = preSolution
		Debug|Any CPU = Debug|Any CPU
		Debug|arm64 = Debug|arm64
		Debug|x64 = Debug|x64
		Debug|x86 = Debug|x86
		Release|Any CPU = Release|Any CPU
		Release|arm64 = Release|arm64
		Release|x64 = Release|x64
		Release|x86 = Release|x86
	EndGlobalSection
	GlobalSection(ProjectConfigurationPlatforms) = postSolution
		{80EE4E22-920F-42A3-8E1A-3F3067E50999}.Debug|Any CPU.ActiveCfg = Debug|Any CPU
		{80EE4E22-920F-42A3-8E1A-3F3067E50999}.Debug|Any CPU.Build.0 = Debug|Any CPU
		{80EE4E22-920F-42A3-8E1A-3F3067E50999}.Debug|Any CPU.Deploy.0 = Debug|Any CPU
		{80EE4E22-920F-42A3-8E1A-3F3067E50999}.Debug|arm64.ActiveCfg = Debug|Any CPU
		{80EE4E22-920F-42A3-8E1A-3F3067E50999}.Debug|arm64.Build.0 = Debug|Any CPU
		{80EE4E22-920F-42A3-8E1A-3F3067E50999}.Debug|arm64.Deploy.0 = Debug|Any CPU
		{80EE4E22-920F-42A3-8E1A-3F3067E50999}.Debug|x64.ActiveCfg = Debug|Any CPU
		{80EE4E22-920F-42A3-8E1A-3F3067E50999}.Debug|x64.Build.0 = Debug|Any CPU
		{80EE4E22-920F-42A3-8E1A-3F3067E50999}.Debug|x64.Deploy.0 = Debug|Any CPU
		{80EE4E22-920F-42A3-8E1A-3F3067E50999}.Debug|x86.ActiveCfg = Debug|Any CPU
		{80EE4E22-920F-42A3-8E1A-3F3067E50999}.Debug|x86.Build.0 = Debug|Any CPU
		{80EE4E22-920F-42A3-8E1A-3F3067E50999}.Debug|x86.Deploy.0 = Debug|Any CPU
		{80EE4E22-920F-42A3-8E1A-3F3067E50999}.Release|Any CPU.ActiveCfg = Release|Any CPU
		{80EE4E22-920F-42A3-8E1A-3F3067E50999}.Release|Any CPU.Build.0 = Release|Any CPU
		{80EE4E22-920F-42A3-8E1A-3F3067E50999}.Release|Any CPU.Deploy.0 = Release|Any CPU
		{80EE4E22-920F-42A3-8E1A-3F3067E50999}.Release|arm64.ActiveCfg = Release|Any CPU
		{80EE4E22-920F-42A3-8E1A-3F3067E50999}.Release|arm64.Build.0 = Release|Any CPU
		{80EE4E22-920F-42A3-8E1A-3F3067E50999}.Release|arm64.Deploy.0 = Release|Any CPU
		{80EE4E22-920F-42A3-8E1A-3F3067E50999}.Release|x64.ActiveCfg = Release|Any CPU
		{80EE4E22-920F-42A3-8E1A-3F3067E50999}.Release|x64.Build.0 = Release|Any CPU
		{80EE4E22-920F-42A3-8E1A-3F3067E50999}.Release|x64.Deploy.0 = Release|Any CPU
		{80EE4E22-920F-42A3-8E1A-3F3067E50999}.Release|x86.ActiveCfg = Release|Any CPU
		{80EE4E22-920F-42A3-8E1A-3F3067E50999}.Release|x86.Build.0 = Release|Any CPU
		{80EE4E22-920F-42A3-8E1A-3F3067E50999}.Release|x86.Deploy.0 = Release|Any CPU
		{904FD2BC-B3B5-40AB-91EB-AD3E8ED45609}.Debug|Any CPU.ActiveCfg = Debug|x64
		{904FD2BC-B3B5-40AB-91EB-AD3E8ED45609}.Debug|Any CPU.Build.0 = Debug|x64
		{904FD2BC-B3B5-40AB-91EB-AD3E8ED45609}.Debug|arm64.ActiveCfg = Debug|arm64
		{904FD2BC-B3B5-40AB-91EB-AD3E8ED45609}.Debug|arm64.Build.0 = Debug|arm64
		{904FD2BC-B3B5-40AB-91EB-AD3E8ED45609}.Debug|x64.ActiveCfg = Debug|x64
		{904FD2BC-B3B5-40AB-91EB-AD3E8ED45609}.Debug|x64.Build.0 = Debug|x64
		{904FD2BC-B3B5-40AB-91EB-AD3E8ED45609}.Debug|x86.ActiveCfg = Debug|x86
		{904FD2BC-B3B5-40AB-91EB-AD3E8ED45609}.Debug|x86.Build.0 = Debug|x86
		{904FD2BC-B3B5-40AB-91EB-AD3E8ED45609}.Release|Any CPU.ActiveCfg = Release|x64
		{904FD2BC-B3B5-40AB-91EB-AD3E8ED45609}.Release|arm64.ActiveCfg = Release|arm64
		{904FD2BC-B3B5-40AB-91EB-AD3E8ED45609}.Release|arm64.Build.0 = Release|arm64
		{904FD2BC-B3B5-40AB-91EB-AD3E8ED45609}.Release|x64.ActiveCfg = Release|x64
		{904FD2BC-B3B5-40AB-91EB-AD3E8ED45609}.Release|x64.Build.0 = Release|x64
		{904FD2BC-B3B5-40AB-91EB-AD3E8ED45609}.Release|x86.ActiveCfg = Release|x86
		{904FD2BC-B3B5-40AB-91EB-AD3E8ED45609}.Release|x86.Build.0 = Release|x86
		{9B2249E8-DCC3-4291-9624-BF9C76EC3A65}.Debug|Any CPU.ActiveCfg = Debug|x64
		{9B2249E8-DCC3-4291-9624-BF9C76EC3A65}.Debug|Any CPU.Build.0 = Debug|x64
		{9B2249E8-DCC3-4291-9624-BF9C76EC3A65}.Debug|Any CPU.Deploy.0 = Debug|x64
		{9B2249E8-DCC3-4291-9624-BF9C76EC3A65}.Debug|arm64.ActiveCfg = Debug|arm64
		{9B2249E8-DCC3-4291-9624-BF9C76EC3A65}.Debug|arm64.Build.0 = Debug|arm64
		{9B2249E8-DCC3-4291-9624-BF9C76EC3A65}.Debug|arm64.Deploy.0 = Debug|arm64
		{9B2249E8-DCC3-4291-9624-BF9C76EC3A65}.Debug|x64.ActiveCfg = Debug|x64
		{9B2249E8-DCC3-4291-9624-BF9C76EC3A65}.Debug|x64.Build.0 = Debug|x64
		{9B2249E8-DCC3-4291-9624-BF9C76EC3A65}.Debug|x64.Deploy.0 = Debug|x64
		{9B2249E8-DCC3-4291-9624-BF9C76EC3A65}.Debug|x86.ActiveCfg = Debug|x86
		{9B2249E8-DCC3-4291-9624-BF9C76EC3A65}.Debug|x86.Build.0 = Debug|x86
		{9B2249E8-DCC3-4291-9624-BF9C76EC3A65}.Debug|x86.Deploy.0 = Debug|x86
		{9B2249E8-DCC3-4291-9624-BF9C76EC3A65}.Release|Any CPU.ActiveCfg = Release|x64
		{9B2249E8-DCC3-4291-9624-BF9C76EC3A65}.Release|arm64.ActiveCfg = Release|arm64
		{9B2249E8-DCC3-4291-9624-BF9C76EC3A65}.Release|arm64.Build.0 = Release|arm64
		{9B2249E8-DCC3-4291-9624-BF9C76EC3A65}.Release|arm64.Deploy.0 = Release|arm64
		{9B2249E8-DCC3-4291-9624-BF9C76EC3A65}.Release|x64.ActiveCfg = Release|x64
		{9B2249E8-DCC3-4291-9624-BF9C76EC3A65}.Release|x64.Build.0 = Release|x64
		{9B2249E8-DCC3-4291-9624-BF9C76EC3A65}.Release|x64.Deploy.0 = Release|x64
		{9B2249E8-DCC3-4291-9624-BF9C76EC3A65}.Release|x86.ActiveCfg = Release|x86
		{9B2249E8-DCC3-4291-9624-BF9C76EC3A65}.Release|x86.Build.0 = Release|x86
		{9B2249E8-DCC3-4291-9624-BF9C76EC3A65}.Release|x86.Deploy.0 = Release|x86
	EndGlobalSection
	GlobalSection(SolutionProperties) = preSolution
		HideSolutionNode = FALSE
	EndGlobalSection
	GlobalSection(ExtensibilityGlobals) = postSolution
		SolutionGuid = {61F7FB11-1E47-470C-91E2-47F8143E1572}
	EndGlobalSection
EndGlobal
