
Microsoft Visual Studio Solution File, Format Version 12.00
# Visual Studio Version 17
VisualStudioVersion = 17.0.31611.283
MinimumVisualStudioVersion = 10.0.40219.1
Project("{9A19103F-16F7-4668-BE54-9A1E7A4F7556}") = "MauiNewApp1", "MauiNewApp1\MauiNewApp1.csproj", "{7AEC78C7-45FC-4251-8E71-EB258328C0A1}"
EndProject
Project("{9A19103F-16F7-4668-BE54-9A1E7A4F7556}") = "Syncfusion.Maui.Charts", "..\src\maui\src\charts\Syncfusion.Maui.Charts.csproj", "{D382AA8D-E295-49BD-9327-E72592B1D629}"
EndProject
Global
	GlobalSection(SolutionConfigurationPlatforms) = preSolution
		Debug|Any CPU = Debug|Any CPU
		Release|Any CPU = Release|Any CPU
		Release-Xml|Any CPU = Release-Xml|Any CPU
	EndGlobalSection
	GlobalSection(ProjectConfigurationPlatforms) = postSolution
		{7AEC78C7-45FC-4251-8E71-EB258328C0A1}.Debug|Any CPU.ActiveCfg = Debug|Any CPU
		{7AEC78C7-45FC-4251-8E71-EB258328C0A1}.Debug|Any CPU.Build.0 = Debug|Any CPU
		{7AEC78C7-45FC-4251-8E71-EB258328C0A1}.Debug|Any CPU.Deploy.0 = Debug|Any CPU
		{7AEC78C7-45FC-4251-8E71-EB258328C0A1}.Release|Any CPU.ActiveCfg = Release|Any CPU
		{7AEC78C7-45FC-4251-8E71-EB258328C0A1}.Release|Any CPU.Build.0 = Release|Any CPU
		{7AEC78C7-45FC-4251-8E71-EB258328C0A1}.Release|Any CPU.Deploy.0 = Release|Any CPU
		{7AEC78C7-45FC-4251-8E71-EB258328C0A1}.Release-Xml|Any CPU.ActiveCfg = Release|Any CPU
		{7AEC78C7-45FC-4251-8E71-EB258328C0A1}.Release-Xml|Any CPU.Build.0 = Release|Any CPU
		{7AEC78C7-45FC-4251-8E71-EB258328C0A1}.Release-Xml|Any CPU.Deploy.0 = Release|Any CPU
		{D382AA8D-E295-49BD-9327-E72592B1D629}.Debug|Any CPU.ActiveCfg = Debug|Any CPU
		{D382AA8D-E295-49BD-9327-E72592B1D629}.Debug|Any CPU.Build.0 = Debug|Any CPU
		{D382AA8D-E295-49BD-9327-E72592B1D629}.Release|Any CPU.ActiveCfg = Release|Any CPU
		{D382AA8D-E295-49BD-9327-E72592B1D629}.Release|Any CPU.Build.0 = Release|Any CPU
		{D382AA8D-E295-49BD-9327-E72592B1D629}.Release-Xml|Any CPU.ActiveCfg = Release-Xml|Any CPU
		{D382AA8D-E295-49BD-9327-E72592B1D629}.Release-Xml|Any CPU.Build.0 = Release-Xml|Any CPU
	EndGlobalSection
	GlobalSection(SolutionProperties) = preSolution
		HideSolutionNode = FALSE
	EndGlobalSection
	GlobalSection(ExtensibilityGlobals) = postSolution
		SolutionGuid = {61F7FB11-1E47-470C-91E2-47F8143E1572}
	EndGlobalSection
EndGlobal
