
Microsoft Visual Studio Solution File, Format Version 12.00
# Visual Studio Version 16
VisualStudioVersion = 16.0.31220.234
MinimumVisualStudioVersion = 10.0.40219.1
Project("{9A19103F-16F7-4668-BE54-9A1E7A4F7556}") = "ChartTestBedSamples", "ChartTestBedSamples\ChartTestBedSamples.csproj", "{BBA81B83-5442-4DF1-8CCA-FB40A84FA64C}"
EndProject
Project("{9A19103F-16F7-4668-BE54-9A1E7A4F7556}") = "ChartTestBedSamples.WinUI", "ChartTestBedSamples.WinUI\ChartTestBedSamples.WinUI.csproj", "{BE4DA376-B8A2-47E6-B8BF-A8AA756A2242}"
EndProject
Project("{9A19103F-16F7-4668-BE54-9A1E7A4F7556}") = "Syncfusion.Maui.Charts", "..\..\src\charts\Syncfusion.Maui.Charts.csproj", "{BD39C571-591E-47B1-AA9C-FF81AC8D7745}"
EndProject
Project("{9A19103F-16F7-4668-BE54-9A1E7A4F7556}") = "Syncfusion.Maui.Core", "..\..\..\..\maui-core\maui\src\core\Syncfusion.Maui.Core.csproj", "{87502F22-65F1-4364-B12C-B8EB1AACD036}"
EndProject
Global
	GlobalSection(SolutionConfigurationPlatforms) = preSolution
		Debug|Any CPU = Debug|Any CPU
		Release|Any CPU = Release|Any CPU
	EndGlobalSection
	GlobalSection(ProjectConfigurationPlatforms) = postSolution
		{BBA81B83-5442-4DF1-8CCA-FB40A84FA64C}.Debug|Any CPU.ActiveCfg = Debug|Any CPU
		{BBA81B83-5442-4DF1-8CCA-FB40A84FA64C}.Debug|Any CPU.Build.0 = Debug|Any CPU
		{BBA81B83-5442-4DF1-8CCA-FB40A84FA64C}.Debug|Any CPU.Deploy.0 = Debug|Any CPU
		{BBA81B83-5442-4DF1-8CCA-FB40A84FA64C}.Release|Any CPU.ActiveCfg = Release|Any CPU
		{BBA81B83-5442-4DF1-8CCA-FB40A84FA64C}.Release|Any CPU.Build.0 = Release|Any CPU
		{BBA81B83-5442-4DF1-8CCA-FB40A84FA64C}.Release|Any CPU.Deploy.0 = Release|Any CPU
		{BE4DA376-B8A2-47E6-B8BF-A8AA756A2242}.Debug|Any CPU.ActiveCfg = Debug|Any CPU
		{BE4DA376-B8A2-47E6-B8BF-A8AA756A2242}.Debug|Any CPU.Build.0 = Debug|Any CPU
		{BE4DA376-B8A2-47E6-B8BF-A8AA756A2242}.Debug|Any CPU.Deploy.0 = Debug|Any CPU
		{BE4DA376-B8A2-47E6-B8BF-A8AA756A2242}.Release|Any CPU.ActiveCfg = Release|Any CPU
		{BE4DA376-B8A2-47E6-B8BF-A8AA756A2242}.Release|Any CPU.Build.0 = Release|Any CPU
		{BE4DA376-B8A2-47E6-B8BF-A8AA756A2242}.Release|Any CPU.Deploy.0 = Release|Any CPU
		{BD39C571-591E-47B1-AA9C-FF81AC8D7745}.Debug|Any CPU.ActiveCfg = Debug|Any CPU
		{BD39C571-591E-47B1-AA9C-FF81AC8D7745}.Debug|Any CPU.Build.0 = Debug|Any CPU
		{BD39C571-591E-47B1-AA9C-FF81AC8D7745}.Release|Any CPU.ActiveCfg = Release|Any CPU
		{BD39C571-591E-47B1-AA9C-FF81AC8D7745}.Release|Any CPU.Build.0 = Release|Any CPU
		{BD39C571-591E-47B1-AA9C-FF81AC8D7745}.Release|Any CPU.Deploy.0 = Release|Any CPU
		{87502F22-65F1-4364-B12C-B8EB1AACD036}.Debug|Any CPU.ActiveCfg = Debug|Any CPU
		{87502F22-65F1-4364-B12C-B8EB1AACD036}.Debug|Any CPU.Build.0 = Debug|Any CPU
		{87502F22-65F1-4364-B12C-B8EB1AACD036}.Release|Any CPU.ActiveCfg = Release|Any CPU
		{87502F22-65F1-4364-B12C-B8EB1AACD036}.Release|Any CPU.Build.0 = Release|Any CPU
		{87502F22-65F1-4364-B12C-B8EB1AACD036}.Release|Any CPU.Deploy.0 = Release|Any CPU
	EndGlobalSection
	GlobalSection(SolutionProperties) = preSolution
		HideSolutionNode = FALSE
	EndGlobalSection
	GlobalSection(ExtensibilityGlobals) = postSolution
		SolutionGuid = {61F7FB11-1E47-470C-91E2-47F8143E1572}
	EndGlobalSection
EndGlobal
