
Microsoft Visual Studio Solution File, Format Version 12.00
# Visual Studio Version 17
VisualStudioVersion = 17.0.31611.283
MinimumVisualStudioVersion = 10.0.40219.1
Project("{9A19103F-16F7-4668-BE54-9A1E7A4F7556}") = "LinearGaugeTestbed", "LinearGaugeTestbed\LinearGaugeTestbed.csproj", "{EE21F229-8979-46AF-8697-11F8E3EF96B4}"
EndProject
Project("{9A19103F-16F7-4668-BE54-9A1E7A4F7556}") = "Syncfusion.Maui.Gauges", "..\..\..\Gauge_src\Syncfusion.Maui.Gauges.csproj", "{8D58DE60-CA42-4B10-862F-D9C3003E9691}"
EndProject
Project("{9A19103F-16F7-4668-BE54-9A1E7A4F7556}") = "Syncfusion.Maui.Core", "..\..\..\Core_src\Syncfusion.Maui.Core.csproj", "{3B41ACBD-BA16-4C0C-8AD4-35B0EEE2EA9B}"
EndProject
Global
	GlobalSection(SolutionConfigurationPlatforms) = preSolution
		Debug|Any CPU = Debug|Any CPU
		Release|Any CPU = Release|Any CPU
		Release-Xml|Any CPU = Release-Xml|Any CPU
	EndGlobalSection
	GlobalSection(ProjectConfigurationPlatforms) = postSolution
		{EE21F229-8979-46AF-8697-11F8E3EF96B4}.Debug|Any CPU.ActiveCfg = Debug|Any CPU
		{EE21F229-8979-46AF-8697-11F8E3EF96B4}.Debug|Any CPU.Build.0 = Debug|Any CPU
		{EE21F229-8979-46AF-8697-11F8E3EF96B4}.Debug|Any CPU.Deploy.0 = Debug|Any CPU
		{EE21F229-8979-46AF-8697-11F8E3EF96B4}.Release|Any CPU.ActiveCfg = Release|Any CPU
		{EE21F229-8979-46AF-8697-11F8E3EF96B4}.Release|Any CPU.Build.0 = Release|Any CPU
		{EE21F229-8979-46AF-8697-11F8E3EF96B4}.Release|Any CPU.Deploy.0 = Release|Any CPU
		{EE21F229-8979-46AF-8697-11F8E3EF96B4}.Release-Xml|Any CPU.ActiveCfg = Release|Any CPU
		{EE21F229-8979-46AF-8697-11F8E3EF96B4}.Release-Xml|Any CPU.Build.0 = Release|Any CPU
		{EE21F229-8979-46AF-8697-11F8E3EF96B4}.Release-Xml|Any CPU.Deploy.0 = Release|Any CPU
		{8D58DE60-CA42-4B10-862F-D9C3003E9691}.Debug|Any CPU.ActiveCfg = Debug|Any CPU
		{8D58DE60-CA42-4B10-862F-D9C3003E9691}.Debug|Any CPU.Build.0 = Debug|Any CPU
		{8D58DE60-CA42-4B10-862F-D9C3003E9691}.Release|Any CPU.ActiveCfg = Release|Any CPU
		{8D58DE60-CA42-4B10-862F-D9C3003E9691}.Release|Any CPU.Build.0 = Release|Any CPU
		{8D58DE60-CA42-4B10-862F-D9C3003E9691}.Release-Xml|Any CPU.ActiveCfg = Release-Xml|Any CPU
		{8D58DE60-CA42-4B10-862F-D9C3003E9691}.Release-Xml|Any CPU.Build.0 = Release-Xml|Any CPU
		{3B41ACBD-BA16-4C0C-8AD4-35B0EEE2EA9B}.Debug|Any CPU.ActiveCfg = Debug|Any CPU
		{3B41ACBD-BA16-4C0C-8AD4-35B0EEE2EA9B}.Debug|Any CPU.Build.0 = Debug|Any CPU
		{3B41ACBD-BA16-4C0C-8AD4-35B0EEE2EA9B}.Release|Any CPU.ActiveCfg = Release|Any CPU
		{3B41ACBD-BA16-4C0C-8AD4-35B0EEE2EA9B}.Release|Any CPU.Build.0 = Release|Any CPU
		{3B41ACBD-BA16-4C0C-8AD4-35B0EEE2EA9B}.Release-Xml|Any CPU.ActiveCfg = Release-Xml|Any CPU
		{3B41ACBD-BA16-4C0C-8AD4-35B0EEE2EA9B}.Release-Xml|Any CPU.Build.0 = Release-Xml|Any CPU
	EndGlobalSection
	GlobalSection(SolutionProperties) = preSolution
		HideSolutionNode = FALSE
	EndGlobalSection
	GlobalSection(ExtensibilityGlobals) = postSolution
		SolutionGuid = {61F7FB11-1E47-470C-91E2-47F8143E1572}
	EndGlobalSection
EndGlobal
